
Microsoft Visual Studio Solution File, Format Version 12.00
# Visual Studio 2013
VisualStudioVersion = 12.0.30716.0
MinimumVisualStudioVersion = 10.0.40219.1
Project("{FAE04EC0-301F-11D3-BF4B-00C04F79EFBC}") = "StaticWebHelper", "src\StaticWebHelper.csproj", "{407CB74E-C62D-4A0D-86D3-BF49C894E32E}"
EndProject
Global
	GlobalSection(SolutionConfigurationPlatforms) = preSolution
		Debug|Any CPU = Debug|Any CPU
		Release|Any CPU = Release|Any CPU
	EndGlobalSection
	GlobalSection(ProjectConfigurationPlatforms) = postSolution
		{407CB74E-C62D-4A0D-86D3-BF49C894E32E}.Debug|Any CPU.ActiveCfg = Debug|Any CPU
		{407CB74E-C62D-4A0D-86D3-BF49C894E32E}.Debug|Any CPU.Build.0 = Debug|Any CPU
		{407CB74E-C62D-4A0D-86D3-BF49C894E32E}.Release|Any CPU.ActiveCfg = Release|Any CPU
		{407CB74E-C62D-4A0D-86D3-BF49C894E32E}.Release|Any CPU.Build.0 = Release|Any CPU
	EndGlobalSection
	GlobalSection(SolutionProperties) = preSolution
		HideSolutionNode = FALSE
	EndGlobalSection
EndGlobal
